# This file was autogenerated by Stack.
# You should not edit this file by hand.
# For more information, please see the documentation at:
#   https://docs.haskellstack.org/en/stable/lock_files

packages:
- completed:
    hackage: dhall-1.32.0@sha256:fbc63ca82b1b3992b2a0a80f88296279d41816d8c7fe72c6f8526f28b75c786b,33352
    pantry-tree:
      size: 284132
      sha256: 2beb33a51a5330026022af2021ed2f74a075a8bb48997b7ed4ed4c402fa72a34
  original:
    hackage: dhall-1.32.0@sha256:fbc63ca82b1b3992b2a0a80f88296279d41816d8c7fe72c6f8526f28b75c786b
snapshots:
- completed:
    size: 523340
    url: https://raw.githubusercontent.com/commercialhaskell/stackage-snapshots/master/nightly/2020/5/12.yaml
    sha256: 81f68a93699855cf96115756e8fbc26f6053a1a55b7545d80138415ab348ba27
  original: nightly-2020-05-12
